{
  "name": "vitamui-ui",
  "version": "1.1.0-SNAPSHOT",
  "lockfileVersion": 1,
  "requires": true,
  "dependencies": {
    "@angular/material-moment-adapter": {
      "version": "8.2.3",
      "resolved": "https://nexus.dev.programmevitam.fr/repository/vitam-npm/@angular/material-moment-adapter/-/material-moment-adapter-8.2.3.tgz",
      "integrity": "sha512-x0WE9MyQajqzGPYKm8eHcDmWWlwiobOX9rZ+V5uqY80fsvm2czk6TYnc1drFYcPAHIaIcx7je7NYOULPF1rTpw==",
      "requires": {
        "tslib": "^1.7.1"
      },
      "dependencies": {
        "tslib": {
          "version": "1.14.1",
          "resolved": "https://nexus.dev.programmevitam.fr/repository/vitam-npm/tslib/-/tslib-1.14.1.tgz",
          "integrity": "sha512-Xni35NKzjgMrwevysHTCArtLDpPvye8zV/0E4EyYn43P7/7qvQwPh9BGkHewbMulVntbigmcT7rdX3BNo9wRJg=="
        }
      }
    },
    "deepmerge": {
      "version": "2.1.1",
      "resolved": "https://nexus.dev.programmevitam.fr/repository/vitam-npm/deepmerge/-/deepmerge-2.1.1.tgz",
      "integrity": "sha512-urQxA1smbLZ2cBbXbaYObM1dJ82aJ2H57A1C/Kklfh/ZN1bgH4G/n5KWhdNfOK11W98gqZfyYj7W4frJJRwA2w=="
    },
    "lodash-es": {
      "version": "4.17.20",
      "resolved": "https://nexus.dev.programmevitam.fr/repository/vitam-npm/lodash-es/-/lodash-es-4.17.20.tgz",
      "integrity": "sha512-JD1COMZsq8maT6mnuz1UMV0jvYD0E0aUsSOdrr1/nAG3dhqQXwRRgeW0cSqH1U43INKcqxaiVIQNOUDld7gRDA=="
    },
    "moment": {
      "version": "2.29.1",
      "resolved": "https://nexus.dev.programmevitam.fr/repository/vitam-npm/moment/-/moment-2.29.1.tgz",
      "integrity": "sha512-kHmoybcPV8Sqy59DwNDY3Jefr64lK/by/da0ViFcuA4DH0vQg5Q6Ze5VimxkfQNSC+Mls/Kx53s7TjP1RhFEDQ=="
    },
    "moment-mini": {
      "version": "2.24.0",
      "resolved": "https://nexus.dev.programmevitam.fr/repository/vitam-npm/moment-mini/-/moment-mini-2.24.0.tgz",
      "integrity": "sha512-9ARkWHBs+6YJIvrIp0Ik5tyTTtP9PoV0Ssu2Ocq5y9v8+NOOpWiRshAp8c4rZVWTOe+157on/5G+zj5pwIQFEQ=="
    },
    "ui-frontend-common": {
      "version": "file:../ui-frontend-common/ui-frontend-common-1.0.13.tgz",
      "integrity": "sha512-8HAtIb/cxyJ6+xSSLg5d9mdbXe6N4Wsg1gFFXGyH5CI+B9R3aFYM5vCjrSOs7uVUVH41rblc7rwkk+zmtfwO1g==",
      "requires": {
        "@angular/material-moment-adapter": "^8.2.3",
        "@ngx-translate/core": "^12.0.0",
        "@ngx-translate/http-loader": "^4.0.0",
        "lodash-es": "^4.17.15",
        "moment": "^2.26.0",
        "moment-mini": "^2.24.0",
        "ngx-translate-multi-http-loader": "^3.0.0",
        "tslib": "^1.9.0"
      },
      "dependencies": {
        "@ngx-translate/core": {
          "version": "12.1.2",
          "resolved": "https://nexus.dev.programmevitam.fr/repository/vitam-npm/@ngx-translate/core/-/core-12.1.2.tgz",
          "integrity": "sha512-ZudJsqIxTKlLmPoqK8gJY3UpMGujR0Xm7HfXL6AR79yGRS23QqpjAhMfx4v5qUCcHMmQ9/78bW8QJLfp31c7vQ=="
        },
        "@ngx-translate/http-loader": {
          "version": "4.0.0",
          "resolved": "https://nexus.dev.programmevitam.fr/repository/vitam-npm/@ngx-translate/http-loader/-/http-loader-4.0.0.tgz",
          "integrity": "sha512-x8LumqydWD7eX9yQTAVeoCM9gFUIGVTUjZqbxdAUavAA3qVnk9wCQux7iHLPXpydl8vyQmLoPQR+fFU+DUDOMA==",
          "requires": {
            "tslib": "^1.9.0"
          }
        },
        "ngx-translate-multi-http-loader": {
          "version": "3.0.0",
          "resolved": "https://nexus.dev.programmevitam.fr/repository/vitam-npm/ngx-translate-multi-http-loader/-/ngx-translate-multi-http-loader-3.0.0.tgz",
          "integrity": "sha512-tN9a97sdXkqGZIeQhnl14l+7+xFwqpYMTkbrW7K/1f16q3+OFC++1uPfrKs7rACQ7ZBmTJ86JB729PTUIVi3xA==",
          "requires": {
            "deepmerge": "2.1.1",
            "tslib": "^1.9.0"
          }
        },
        "tslib": {
          "version": "1.14.1",
          "resolved": "https://nexus.dev.programmevitam.fr/repository/vitam-npm/tslib/-/tslib-1.14.1.tgz",
          "integrity": "sha512-Xni35NKzjgMrwevysHTCArtLDpPvye8zV/0E4EyYn43P7/7qvQwPh9BGkHewbMulVntbigmcT7rdX3BNo9wRJg=="
        }
      }
    }
  }
}
